
Microsoft Visual Studio Solution File, Format Version 12.00
# Visual Studio Version 17
VisualStudioVersion = 17.13.35913.81 d17.13
MinimumVisualStudioVersion = 10.0.40219.1
Project("{FAE04EC0-301F-11D3-BF4B-00C04F79EFBC}") = "ConsoleApp", "ConsoleApp\ConsoleApp.csproj", "{D90240F4-545A-4E0D-AE91-2AD586970DCF}"
EndProject
Global
	GlobalSection(SolutionConfigurationPlatforms) = preSolution
		Debug|Any CPU = Debug|Any CPU
		Release|Any CPU = Release|Any CPU
	EndGlobalSection
	GlobalSection(ProjectConfigurationPlatforms) = postSolution
		{D90240F4-545A-4E0D-AE91-2AD586970DCF}.Debug|Any CPU.ActiveCfg = Debug|Any CPU
		{D90240F4-545A-4E0D-AE91-2AD586970DCF}.Debug|Any CPU.Build.0 = Debug|Any CPU
		{D90240F4-545A-4E0D-AE91-2AD586970DCF}.Release|Any CPU.ActiveCfg = Release|Any CPU
		{D90240F4-545A-4E0D-AE91-2AD586970DCF}.Release|Any CPU.Build.0 = Release|Any CPU
	EndGlobalSection
	GlobalSection(SolutionProperties) = preSolution
		HideSolutionNode = FALSE
	EndGlobalSection
	GlobalSection(ExtensibilityGlobals) = postSolution
		SolutionGuid = {DAB8227F-E9F7-4951-90B8-DA3FBBD4E96D}
	EndGlobalSection
EndGlobal
